// !$*UTF8*$!
{
	archiveVersion = 1;
	classes = {
	};
	objectVersion = 50;
	objects = {

/* Begin PBXBuildFile section */
		08DC5EE423B0C30900582371 /* main.swift in Sources */ = {isa = PBXBuildFile; fileRef = 08DC5EE323B0C30900582371 /* main.swift */; };
		08DC5EF323B0C32600582371 /* CSVError.swift in Sources */ = {isa = PBXBuildFile; fileRef = 08DC5EEB23B0C32600582371 /* CSVError.swift */; };
		08DC5EF423B0C32600582371 /* CSVWriter.swift in Sources */ = {isa = PBXBuildFile; fileRef = 08DC5EEC23B0C32600582371 /* CSVWriter.swift */; };
		08DC5EF523B0C32600582371 /* BinaryReader.swift in Sources */ = {isa = PBXBuildFile; fileRef = 08DC5EED23B0C32600582371 /* BinaryReader.swift */; };
		08DC5EF623B0C32600582371 /* Legacy.swift in Sources */ = {isa = PBXBuildFile; fileRef = 08DC5EEE23B0C32600582371 /* Legacy.swift */; };
		08DC5EF723B0C32600582371 /* UnicodeIterator.swift in Sources */ = {isa = PBXBuildFile; fileRef = 08DC5EEF23B0C32600582371 /* UnicodeIterator.swift */; };
		08DC5EF823B0C32600582371 /* Endian.swift in Sources */ = {isa = PBXBuildFile; fileRef = 08DC5EF023B0C32600582371 /* Endian.swift */; };
		08DC5EF923B0C32600582371 /* CSVRowDecoder.swift in Sources */ = {isa = PBXBuildFile; fileRef = 08DC5EF123B0C32600582371 /* CSVRowDecoder.swift */; };
		08DC5EFA23B0C32600582371 /* CSVReader.swift in Sources */ = {isa = PBXBuildFile; fileRef = 08DC5EF223B0C32600582371 /* CSVReader.swift */; };
/* End PBXBuildFile section */

/* Begin PBXCopyFilesBuildPhase section */
		08DC5EDE23B0C30900582371 /* CopyFiles */ = {
			isa = PBXCopyFilesBuildPhase;
			buildActionMask = 2147483647;
			dstPath = /usr/share/man/man1/;
			dstSubfolderSpec = 0;
			files = (
			);
			runOnlyForDeploymentPostprocessing = 1;
		};
/* End PBXCopyFilesBuildPhase section */

/* Begin PBXFileReference section */
		08DC5EE023B0C30900582371 /* Localizer */ = {isa = PBXFileReference; explicitFileType = "compiled.mach-o.executable"; includeInIndex = 0; path = Localizer; sourceTree = BUILT_PRODUCTS_DIR; };
		08DC5EE323B0C30900582371 /* main.swift */ = {isa = PBXFileReference; lastKnownFileType = sourcecode.swift; path = main.swift; sourceTree = "<group>"; };
		08DC5EEB23B0C32600582371 /* CSVError.swift */ = {isa = PBXFileReference; fileEncoding = 4; lastKnownFileType = sourcecode.swift; path = CSVError.swift; sourceTree = "<group>"; };
		08DC5EEC23B0C32600582371 /* CSVWriter.swift */ = {isa = PBXFileReference; fileEncoding = 4; lastKnownFileType = sourcecode.swift; path = CSVWriter.swift; sourceTree = "<group>"; };
		08DC5EED23B0C32600582371 /* BinaryReader.swift */ = {isa = PBXFileReference; fileEncoding = 4; lastKnownFileType = sourcecode.swift; path = BinaryReader.swift; sourceTree = "<group>"; };
		08DC5EEE23B0C32600582371 /* Legacy.swift */ = {isa = PBXFileReference; fileEncoding = 4; lastKnownFileType = sourcecode.swift; path = Legacy.swift; sourceTree = "<group>"; };
		08DC5EEF23B0C32600582371 /* UnicodeIterator.swift */ = {isa = PBXFileReference; fileEncoding = 4; lastKnownFileType = sourcecode.swift; path = UnicodeIterator.swift; sourceTree = "<group>"; };
		08DC5EF023B0C32600582371 /* Endian.swift */ = {isa = PBXFileReference; fileEncoding = 4; lastKnownFileType = sourcecode.swift; path = Endian.swift; sourceTree = "<group>"; };
		08DC5EF123B0C32600582371 /* CSVRowDecoder.swift */ = {isa = PBXFileReference; fileEncoding = 4; lastKnownFileType = sourcecode.swift; path = CSVRowDecoder.swift; sourceTree = "<group>"; };
		08DC5EF223B0C32600582371 /* CSVReader.swift */ = {isa = PBXFileReference; fileEncoding = 4; lastKnownFileType = sourcecode.swift; path = CSVReader.swift; sourceTree = "<group>"; };
/* End PBXFileReference section */

/* Begin PBXFrameworksBuildPhase section */
		08DC5EDD23B0C30900582371 /* Frameworks */ = {
			isa = PBXFrameworksBuildPhase;
			buildActionMask = 2147483647;
			files = (
			);
			runOnlyForDeploymentPostprocessing = 0;
		};
/* End PBXFrameworksBuildPhase section */

/* Begin PBXGroup section */
		08DC5ED723B0C30900582371 = {
			isa = PBXGroup;
			children = (
				08DC5EE223B0C30900582371 /* Localizer */,
				08DC5EE123B0C30900582371 /* Products */,
			);
			sourceTree = "<group>";
		};
		08DC5EE123B0C30900582371 /* Products */ = {
			isa = PBXGroup;
			children = (
				08DC5EE023B0C30900582371 /* Localizer */,
			);
			name = Products;
			sourceTree = "<group>";
		};
		08DC5EE223B0C30900582371 /* Localizer */ = {
			isa = PBXGroup;
			children = (
				08DC5EEA23B0C32600582371 /* CSV */,
				08DC5EE323B0C30900582371 /* main.swift */,
			);
			path = Localizer;
			sourceTree = "<group>";
		};
		08DC5EEA23B0C32600582371 /* CSV */ = {
			isa = PBXGroup;
			children = (
				08DC5EEB23B0C32600582371 /* CSVError.swift */,
				08DC5EEC23B0C32600582371 /* CSVWriter.swift */,
				08DC5EED23B0C32600582371 /* BinaryReader.swift */,
				08DC5EEE23B0C32600582371 /* Legacy.swift */,
				08DC5EEF23B0C32600582371 /* UnicodeIterator.swift */,
				08DC5EF023B0C32600582371 /* Endian.swift */,
				08DC5EF123B0C32600582371 /* CSVRowDecoder.swift */,
				08DC5EF223B0C32600582371 /* CSVReader.swift */,
			);
			path = CSV;
			sourceTree = "<group>";
		};
/* End PBXGroup section */

/* Begin PBXNativeTarget section */
		08DC5EDF23B0C30900582371 /* Localizer */ = {
			isa = PBXNativeTarget;
			buildConfigurationList = 08DC5EE723B0C30900582371 /* Build configuration list for PBXNativeTarget "Localizer" */;
			buildPhases = (
				08DC5EDC23B0C30900582371 /* Sources */,
				08DC5EDD23B0C30900582371 /* Frameworks */,
				08DC5EDE23B0C30900582371 /* CopyFiles */,
			);
			buildRules = (
			);
			dependencies = (
			);
			name = Localizer;
			productName = Localizer;
			productReference = 08DC5EE023B0C30900582371 /* Localizer */;
			productType = "com.apple.product-type.tool";
		};
/* End PBXNativeTarget section */

/* Begin PBXProject section */
		08DC5ED823B0C30900582371 /* Project object */ = {
			isa = PBXProject;
			attributes = {
				LastSwiftUpdateCheck = 1130;
				LastUpgradeCheck = 1130;
				ORGANIZATIONNAME = Kakeru;
				TargetAttributes = {
					08DC5EDF23B0C30900582371 = {
						CreatedOnToolsVersion = 11.3;
					};
				};
			};
			buildConfigurationList = 08DC5EDB23B0C30900582371 /* Build configuration list for PBXProject "Localizer" */;
			compatibilityVersion = "Xcode 9.3";
			developmentRegion = en;
			hasScannedForEncodings = 0;
			knownRegions = (
				en,
				Base,
			);
			mainGroup = 08DC5ED723B0C30900582371;
			productRefGroup = 08DC5EE123B0C30900582371 /* Products */;
			projectDirPath = "";
			projectRoot = "";
			targets = (
				08DC5EDF23B0C30900582371 /* Localizer */,
			);
		};
/* End PBXProject section */

/* Begin PBXSourcesBuildPhase section */
		08DC5EDC23B0C30900582371 /* Sources */ = {
			isa = PBXSourcesBuildPhase;
			buildActionMask = 2147483647;
			files = (
				08DC5EF923B0C32600582371 /* CSVRowDecoder.swift in Sources */,
				08DC5EF423B0C32600582371 /* CSVWriter.swift in Sources */,
				08DC5EF523B0C32600582371 /* BinaryReader.swift in Sources */,
				08DC5EE423B0C30900582371 /* main.swift in Sources */,
				08DC5EF723B0C32600582371 /* UnicodeIterator.swift in Sources */,
				08DC5EFA23B0C32600582371 /* CSVReader.swift in Sources */,
				08DC5EF623B0C32600582371 /* Legacy.swift in Sources */,
				08DC5EF823B0C32600582371 /* Endian.swift in Sources */,
				08DC5EF323B0C32600582371 /* CSVError.swift in Sources */,
			);
			runOnlyForDeploymentPostprocessing = 0;
		};
/* End PBXSourcesBuildPhase section */

/* Begin XCBuildConfiguration section */
		08DC5EE523B0C30900582371 /* Debug */ = {
			isa = XCBuildConfiguration;
			buildSettings = {
				ALWAYS_SEARCH_USER_PATHS = NO;
				CLANG_ANALYZER_NONNULL = YES;
				CLANG_ANALYZER_NUMBER_OBJECT_CONVERSION = YES_AGGRESSIVE;
				CLANG_CXX_LANGUAGE_STANDARD = "gnu++14";
				CLANG_CXX_LIBRARY = "libc++";
				CLANG_ENABLE_MODULES = YES;
				CLANG_ENABLE_OBJC_ARC = YES;
				CLANG_ENABLE_OBJC_WEAK = YES;
				CLANG_WARN_BLOCK_CAPTURE_AUTORELEASING = YES;
				CLANG_WARN_BOOL_CONVERSION = YES;
				CLANG_WARN_COMMA = YES;
				CLANG_WARN_CONSTANT_CONVERSION = YES;
				CLANG_WARN_DEPRECATED_OBJC_IMPLEMENTATIONS = YES;
				CLANG_WARN_DIRECT_OBJC_ISA_USAGE = YES_ERROR;
				CLANG_WARN_DOCUMENTATION_COMMENTS = YES;
				CLANG_WARN_EMPTY_BODY = YES;
				CLANG_WARN_ENUM_CONVERSION = YES;
				CLANG_WARN_INFINITE_RECURSION = YES;
				CLANG_WARN_INT_CONVERSION = YES;
				CLANG_WARN_NON_LITERAL_NULL_CONVERSION = YES;
				CLANG_WARN_OBJC_IMPLICIT_RETAIN_SELF = YES;
				CLANG_WARN_OBJC_LITERAL_CONVERSION = YES;
				CLANG_WARN_OBJC_ROOT_CLASS = YES_ERROR;
				CLANG_WARN_RANGE_LOOP_ANALYSIS = YES;
				CLANG_WARN_STRICT_PROTOTYPES = YES;
				CLANG_WARN_SUSPICIOUS_MOVE = YES;
				CLANG_WARN_UNGUARDED_AVAILABILITY = YES_AGGRESSIVE;
				CLANG_WARN_UNREACHABLE_CODE = YES;
				CLANG_WARN__DUPLICATE_METHOD_MATCH = YES;
				COPY_PHASE_STRIP = NO;
				DEBUG_INFORMATION_FORMAT = dwarf;
				ENABLE_STRICT_OBJC_MSGSEND = YES;
				ENABLE_TESTABILITY = YES;
				GCC_C_LANGUAGE_STANDARD = gnu11;
				GCC_DYNAMIC_NO_PIC = NO;
				GCC_NO_COMMON_BLOCKS = YES;
				GCC_OPTIMIZATION_LEVEL = 0;
				GCC_PREPROCESSOR_DEFINITIONS = (
					"DEBUG=1",
					"$(inherited)",
				);
				GCC_WARN_64_TO_32_BIT_CONVERSION = YES;
				GCC_WARN_ABOUT_RETURN_TYPE = YES_ERROR;
				GCC_WARN_UNDECLARED_SELECTOR = YES;
				GCC_WARN_UNINITIALIZED_AUTOS = YES_AGGRESSIVE;
				GCC_WARN_UNUSED_FUNCTION = YES;
				GCC_WARN_UNUSED_VARIABLE = YES;
				MACOSX_DEPLOYMENT_TARGET = 10.15;
				MTL_ENABLE_DEBUG_INFO = INCLUDE_SOURCE;
				MTL_FAST_MATH = YES;
				ONLY_ACTIVE_ARCH = YES;
				SDKROOT = macosx;
				SWIFT_ACTIVE_COMPILATION_CONDITIONS = DEBUG;
				SWIFT_OPTIMIZATION_LEVEL = "-Onone";
			};
			name = Debug;
		};
		08DC5EE623B0C30900582371 /* Release */ = {
			isa = XCBuildConfiguration;
			buildSettings = {
				ALWAYS_SEARCH_USER_PATHS = NO;
				CLANG_ANALYZER_NONNULL = YES;
				CLANG_ANALYZER_NUMBER_OBJECT_CONVERSION = YES_AGGRESSIVE;
				CLANG_CXX_LANGUAGE_STANDARD = "gnu++14";
				CLANG_CXX_LIBRARY = "libc++";
				CLANG_ENABLE_MODULES = YES;
				CLANG_ENABLE_OBJC_ARC = YES;
				CLANG_ENABLE_OBJC_WEAK = YES;
				CLANG_WARN_BLOCK_CAPTURE_AUTORELEASING = YES;
				CLANG_WARN_BOOL_CONVERSION = YES;
				CLANG_WARN_COMMA = YES;
				CLANG_WARN_CONSTANT_CONVERSION = YES;
				CLANG_WARN_DEPRECATED_OBJC_IMPLEMENTATIONS = YES;
				CLANG_WARN_DIRECT_OBJC_ISA_USAGE = YES_ERROR;
				CLANG_WARN_DOCUMENTATION_COMMENTS = YES;
				CLANG_WARN_EMPTY_BODY = YES;
				CLANG_WARN_ENUM_CONVERSION = YES;
				CLANG_WARN_INFINITE_RECURSION = YES;
				CLANG_WARN_INT_CONVERSION = YES;
				CLANG_WARN_NON_LITERAL_NULL_CONVERSION = YES;
				CLANG_WARN_OBJC_IMPLICIT_RETAIN_SELF = YES;
				CLANG_WARN_OBJC_LITERAL_CONVERSION = YES;
				CLANG_WARN_OBJC_ROOT_CLASS = YES_ERROR;
				CLANG_WARN_RANGE_LOOP_ANALYSIS = YES;
				CLANG_WARN_STRICT_PROTOTYPES = YES;
				CLANG_WARN_SUSPICIOUS_MOVE = YES;
				CLANG_WARN_UNGUARDED_AVAILABILITY = YES_AGGRESSIVE;
				CLANG_WARN_UNREACHABLE_CODE = YES;
				CLANG_WARN__DUPLICATE_METHOD_MATCH = YES;
				COPY_PHASE_STRIP = NO;
				DEBUG_INFORMATION_FORMAT = "dwarf-with-dsym";
				ENABLE_NS_ASSERTIONS = NO;
				ENABLE_STRICT_OBJC_MSGSEND = YES;
				GCC_C_LANGUAGE_STANDARD = gnu11;
				GCC_NO_COMMON_BLOCKS = YES;
				GCC_WARN_64_TO_32_BIT_CONVERSION = YES;
				GCC_WARN_ABOUT_RETURN_TYPE = YES_ERROR;
				GCC_WARN_UNDECLARED_SELECTOR = YES;
				GCC_WARN_UNINITIALIZED_AUTOS = YES_AGGRESSIVE;
				GCC_WARN_UNUSED_FUNCTION = YES;
				GCC_WARN_UNUSED_VARIABLE = YES;
				MACOSX_DEPLOYMENT_TARGET = 10.15;
				MTL_ENABLE_DEBUG_INFO = NO;
				MTL_FAST_MATH = YES;
				SDKROOT = macosx;
				SWIFT_COMPILATION_MODE = wholemodule;
				SWIFT_OPTIMIZATION_LEVEL = "-O";
			};
			name = Release;
		};
		08DC5EE823B0C30900582371 /* Debug */ = {
			isa = XCBuildConfiguration;
			buildSettings = {
				CODE_SIGN_STYLE = Automatic;
				DEVELOPMENT_TEAM = 89944GJ9HX;
				ENABLE_HARDENED_RUNTIME = YES;
				PRODUCT_NAME = "$(TARGET_NAME)";
				SWIFT_VERSION = 5.0;
			};
			name = Debug;
		};
		08DC5EE923B0C30900582371 /* Release */ = {
			isa = XCBuildConfiguration;
			buildSettings = {
				CODE_SIGN_STYLE = Automatic;
				DEVELOPMENT_TEAM = 89944GJ9HX;
				ENABLE_HARDENED_RUNTIME = YES;
				PRODUCT_NAME = "$(TARGET_NAME)";
				SWIFT_VERSION = 5.0;
			};
			name = Release;
		};
/* End XCBuildConfiguration section */

/* Begin XCConfigurationList section */
		08DC5EDB23B0C30900582371 /* Build configuration list for PBXProject "Localizer" */ = {
			isa = XCConfigurationList;
			buildConfigurations = (
				08DC5EE523B0C30900582371 /* Debug */,
				08DC5EE623B0C30900582371 /* Release */,
			);
			defaultConfigurationIsVisible = 0;
			defaultConfigurationName = Release;
		};
		08DC5EE723B0C30900582371 /* Build configuration list for PBXNativeTarget "Localizer" */ = {
			isa = XCConfigurationList;
			buildConfigurations = (
				08DC5EE823B0C30900582371 /* Debug */,
				08DC5EE923B0C30900582371 /* Release */,
			);
			defaultConfigurationIsVisible = 0;
			defaultConfigurationName = Release;
		};
/* End XCConfigurationList section */
	};
	rootObject = 08DC5ED823B0C30900582371 /* Project object */;
}
